
Microsoft Visual Studio Solution File, Format Version 12.00
# Visual Studio Version 17
VisualStudioVersion = 17.0.32014.148
MinimumVisualStudioVersion = 10.0.40219.1
Project("{FAE04EC0-301F-11D3-BF4B-00C04F79EFBC}") = "NotificationPublisher", "NotificationPublisher\NotificationPublisher.csproj", "{36DEE7C0-0018-4060-96CC-E3CD61ED5C4A}"
EndProject
Project("{FAE04EC0-301F-11D3-BF4B-00C04F79EFBC}") = "Common", "Common\Common.csproj", "{6AF2BE03-FAE9-4A75-8C9B-B26FFF234535}"
EndProject
Project("{FAE04EC0-301F-11D3-BF4B-00C04F79EFBC}") = "NotificationSubscriber", "NotificationSubscriber\NotificationSubscriber.csproj", "{BE7EB568-C6E3-4500-8A61-5362D5FF8D3D}"
EndProject
Global
	GlobalSection(SolutionConfigurationPlatforms) = preSolution
		Debug|Any CPU = Debug|Any CPU
		Release|Any CPU = Release|Any CPU
	EndGlobalSection
	GlobalSection(ProjectConfigurationPlatforms) = postSolution
		{36DEE7C0-0018-4060-96CC-E3CD61ED5C4A}.Debug|Any CPU.ActiveCfg = Debug|Any CPU
		{36DEE7C0-0018-4060-96CC-E3CD61ED5C4A}.Debug|Any CPU.Build.0 = Debug|Any CPU
		{36DEE7C0-0018-4060-96CC-E3CD61ED5C4A}.Release|Any CPU.ActiveCfg = Release|Any CPU
		{36DEE7C0-0018-4060-96CC-E3CD61ED5C4A}.Release|Any CPU.Build.0 = Release|Any CPU
		{6AF2BE03-FAE9-4A75-8C9B-B26FFF234535}.Debug|Any CPU.ActiveCfg = Debug|Any CPU
		{6AF2BE03-FAE9-4A75-8C9B-B26FFF234535}.Debug|Any CPU.Build.0 = Debug|Any CPU
		{6AF2BE03-FAE9-4A75-8C9B-B26FFF234535}.Release|Any CPU.ActiveCfg = Release|Any CPU
		{6AF2BE03-FAE9-4A75-8C9B-B26FFF234535}.Release|Any CPU.Build.0 = Release|Any CPU
		{BE7EB568-C6E3-4500-8A61-5362D5FF8D3D}.Debug|Any CPU.ActiveCfg = Debug|Any CPU
		{BE7EB568-C6E3-4500-8A61-5362D5FF8D3D}.Debug|Any CPU.Build.0 = Debug|Any CPU
		{BE7EB568-C6E3-4500-8A61-5362D5FF8D3D}.Release|Any CPU.ActiveCfg = Release|Any CPU
		{BE7EB568-C6E3-4500-8A61-5362D5FF8D3D}.Release|Any CPU.Build.0 = Release|Any CPU
	EndGlobalSection
	GlobalSection(SolutionProperties) = preSolution
		HideSolutionNode = FALSE
	EndGlobalSection
	GlobalSection(ExtensibilityGlobals) = postSolution
		SolutionGuid = {CF3B6A0D-4A3D-4C59-80B7-C5661497B150}
	EndGlobalSection
EndGlobal
